
Microsoft Visual Studio Solution File, Format Version 12.00
# Visual Studio 15
VisualStudioVersion = 15.0.28307.572
MinimumVisualStudioVersion = 10.0.40219.1
Project("{FAE04EC0-301F-11D3-BF4B-00C04F79EFBC}") = "myFirstAzureWebApp", "myFirstAzureWebApp\myFirstAzureWebApp.csproj", "{EC8ED404-FB9F-4E94-9BD6-E88137E1BA19}"
EndProject
Global
	GlobalSection(SolutionConfigurationPlatforms) = preSolution
		Debug|Any CPU = Debug|Any CPU
		Release|Any CPU = Release|Any CPU
	EndGlobalSection
	GlobalSection(ProjectConfigurationPlatforms) = postSolution
		{EC8ED404-FB9F-4E94-9BD6-E88137E1BA19}.Debug|Any CPU.ActiveCfg = Debug|Any CPU
		{EC8ED404-FB9F-4E94-9BD6-E88137E1BA19}.Debug|Any CPU.Build.0 = Debug|Any CPU
		{EC8ED404-FB9F-4E94-9BD6-E88137E1BA19}.Release|Any CPU.ActiveCfg = Release|Any CPU
		{EC8ED404-FB9F-4E94-9BD6-E88137E1BA19}.Release|Any CPU.Build.0 = Release|Any CPU
	EndGlobalSection
	GlobalSection(SolutionProperties) = preSolution
		HideSolutionNode = FALSE
	EndGlobalSection
	GlobalSection(ExtensibilityGlobals) = postSolution
		SolutionGuid = {EB074EDA-D0B3-4F0E-99B7-1267EA57ABDF}
	EndGlobalSection
EndGlobal
