
Microsoft Visual Studio Solution File, Format Version 12.00
# Visual Studio Version 16
VisualStudioVersion = 16.0.29123.88
MinimumVisualStudioVersion = 10.0.40219.1
Project("{FAE04EC0-301F-11D3-BF4B-00C04F79EFBC}") = "ManageCdn", "ManageCdn.csproj", "{6873E847-63B0-414D-B2AC-AA40F70ECD36}"
EndProject
Global
	GlobalSection(SolutionConfigurationPlatforms) = preSolution
		Debug|Any CPU = Debug|Any CPU
		Release|Any CPU = Release|Any CPU
	EndGlobalSection
	GlobalSection(ProjectConfigurationPlatforms) = postSolution
		{6873E847-63B0-414D-B2AC-AA40F70ECD36}.Debug|Any CPU.ActiveCfg = Debug|Any CPU
		{6873E847-63B0-414D-B2AC-AA40F70ECD36}.Debug|Any CPU.Build.0 = Debug|Any CPU
		{6873E847-63B0-414D-B2AC-AA40F70ECD36}.Release|Any CPU.ActiveCfg = Release|Any CPU
		{6873E847-63B0-414D-B2AC-AA40F70ECD36}.Release|Any CPU.Build.0 = Release|Any CPU
	EndGlobalSection
	GlobalSection(SolutionProperties) = preSolution
		HideSolutionNode = FALSE
	EndGlobalSection
	GlobalSection(ExtensibilityGlobals) = postSolution
		SolutionGuid = {C4C56872-D20E-4F2C-8A70-B0FE596CD95E}
	EndGlobalSection
EndGlobal
