
Microsoft Visual Studio Solution File, Format Version 12.00
# Visual Studio Version 16
VisualStudioVersion = 16.0.29123.88
MinimumVisualStudioVersion = 10.0.40219.1
Project("{FAE04EC0-301F-11D3-BF4B-00C04F79EFBC}") = "KeyVaultQuickstart", "KeyVaultQuickstart.csproj", "{851C7341-EE61-49F8-B614-EEEFB8FF574C}"
EndProject
Global
	GlobalSection(SolutionConfigurationPlatforms) = preSolution
		Debug|Any CPU = Debug|Any CPU
		Release|Any CPU = Release|Any CPU
	EndGlobalSection
	GlobalSection(ProjectConfigurationPlatforms) = postSolution
		{851C7341-EE61-49F8-B614-EEEFB8FF574C}.Debug|Any CPU.ActiveCfg = Debug|Any CPU
		{851C7341-EE61-49F8-B614-EEEFB8FF574C}.Debug|Any CPU.Build.0 = Debug|Any CPU
		{851C7341-EE61-49F8-B614-EEEFB8FF574C}.Release|Any CPU.ActiveCfg = Release|Any CPU
		{851C7341-EE61-49F8-B614-EEEFB8FF574C}.Release|Any CPU.Build.0 = Release|Any CPU
	EndGlobalSection
	GlobalSection(SolutionProperties) = preSolution
		HideSolutionNode = FALSE
	EndGlobalSection
	GlobalSection(ExtensibilityGlobals) = postSolution
		SolutionGuid = {57A09B12-5B7F-49A4-A6DF-E85350160FFF}
	EndGlobalSection
EndGlobal
